$ANSIBLE_VAULT;1.1;AES256
37633762653637353532336530303235386662386233386465393838383130303766616366343237
6664666237623066663739306533616538636462616230630a306430613938643462643430313566
36363032653361653563653535653333326165313530623430393033666366336339376438656532
6662323438393036310a373430663234303331383239383265376635373766323966643132316165
37663631363234633066373939343135353166373566343939326138363731393731
